// !$*UTF8*$!
{
	archiveVersion = 1;
	classes = {
	};
	objectVersion = 56;
	objects = {

/* Begin PBXBuildFile section */
		84BC476F2A4F59540017F967 /* Preview Content in Resources */ = {isa = PBXBuildFile; fileRef = 84BC476E2A4F59540017F967 /* Preview Content */; };
		84C8C1CD2A4C688F00EFCB06 /* RAAssignmentApp.swift in Sources */ = {isa = PBXBuildFile; fileRef = 84C8C1CC2A4C688F00EFCB06 /* RAAssignmentApp.swift */; };
		84C8C1CF2A4C688F00EFCB06 /* FacilitiesView.swift in Sources */ = {isa = PBXBuildFile; fileRef = 84C8C1CE2A4C688F00EFCB06 /* FacilitiesView.swift */; };
		84C8C1D12A4C689000EFCB06 /* Assets.xcassets in Resources */ = {isa = PBXBuildFile; fileRef = 84C8C1D02A4C689000EFCB06 /* Assets.xcassets */; };
		84C8C1F72A4C68AA00EFCB06 /* response.json in Resources */ = {isa = PBXBuildFile; fileRef = 84C8C1F62A4C68AA00EFCB06 /* response.json */; };
		84C8C1F92A4C68BD00EFCB06 /* Model.swift in Sources */ = {isa = PBXBuildFile; fileRef = 84C8C1F82A4C68BD00EFCB06 /* Model.swift */; };
		84C8C1FB2A4C698B00EFCB06 /* APIClient.swift in Sources */ = {isa = PBXBuildFile; fileRef = 84C8C1FA2A4C698B00EFCB06 /* APIClient.swift */; };
		84C8C2392A4D06AF00EFCB06 /* FacilitiesViewModel.swift in Sources */ = {isa = PBXBuildFile; fileRef = 84C8C2382A4D06AF00EFCB06 /* FacilitiesViewModel.swift */; };
		84C8C23E2A4D32F100EFCB06 /* MockAPIClient.swift in Sources */ = {isa = PBXBuildFile; fileRef = 84C8C23D2A4D32F100EFCB06 /* MockAPIClient.swift */; };
		84C8C23F2A4D32FF00EFCB06 /* APIClient.swift in Sources */ = {isa = PBXBuildFile; fileRef = 84C8C1FA2A4C698B00EFCB06 /* APIClient.swift */; };
		84C8C2402A4D331E00EFCB06 /* Model.swift in Sources */ = {isa = PBXBuildFile; fileRef = 84C8C1F82A4C68BD00EFCB06 /* Model.swift */; };
		84C8C2422A4D333D00EFCB06 /* FacilitiesViewModelTests.swift in Sources */ = {isa = PBXBuildFile; fileRef = 84C8C2412A4D333D00EFCB06 /* FacilitiesViewModelTests.swift */; };
		84C8C2432A4D337200EFCB06 /* FacilitiesViewModel.swift in Sources */ = {isa = PBXBuildFile; fileRef = 84C8C2382A4D06AF00EFCB06 /* FacilitiesViewModel.swift */; };
		84C8C2452A4DC97500EFCB06 /* ModelTests.swift in Sources */ = {isa = PBXBuildFile; fileRef = 84C8C2442A4DC97500EFCB06 /* ModelTests.swift */; };
		84C8C2492A4F056F00EFCB06 /* FacilityItemView.swift in Sources */ = {isa = PBXBuildFile; fileRef = 84C8C2482A4F056F00EFCB06 /* FacilityItemView.swift */; };
		84C8C24C2A4F080C00EFCB06 /* FacilityOptionView.swift in Sources */ = {isa = PBXBuildFile; fileRef = 84C8C24B2A4F080C00EFCB06 /* FacilityOptionView.swift */; };
		84C8C24E2A4F091A00EFCB06 /* Errors.swift in Sources */ = {isa = PBXBuildFile; fileRef = 84C8C24D2A4F091A00EFCB06 /* Errors.swift */; };
		84C8C2502A4F0A9700EFCB06 /* ErrorAlertViewModifier.swift in Sources */ = {isa = PBXBuildFile; fileRef = 84C8C24F2A4F0A9700EFCB06 /* ErrorAlertViewModifier.swift */; };
		84C8C2512A4F0D6500EFCB06 /* Errors.swift in Sources */ = {isa = PBXBuildFile; fileRef = 84C8C24D2A4F091A00EFCB06 /* Errors.swift */; };
/* End PBXBuildFile section */

/* Begin PBXContainerItemProxy section */
		84C8C1DA2A4C689000EFCB06 /* PBXContainerItemProxy */ = {
			isa = PBXContainerItemProxy;
			containerPortal = 84C8C1C12A4C688F00EFCB06 /* Project object */;
			proxyType = 1;
			remoteGlobalIDString = 84C8C1C82A4C688F00EFCB06;
			remoteInfo = RAAssignment;
		};
/* End PBXContainerItemProxy section */

/* Begin PBXFileReference section */
		84BC476E2A4F59540017F967 /* Preview Content */ = {isa = PBXFileReference; lastKnownFileType = folder; path = "Preview Content"; sourceTree = "<group>"; };
		84C8C1C92A4C688F00EFCB06 /* RAAssignment.app */ = {isa = PBXFileReference; explicitFileType = wrapper.application; includeInIndex = 0; path = RAAssignment.app; sourceTree = BUILT_PRODUCTS_DIR; };
		84C8C1CC2A4C688F00EFCB06 /* RAAssignmentApp.swift */ = {isa = PBXFileReference; lastKnownFileType = sourcecode.swift; path = RAAssignmentApp.swift; sourceTree = "<group>"; };
		84C8C1CE2A4C688F00EFCB06 /* FacilitiesView.swift */ = {isa = PBXFileReference; lastKnownFileType = sourcecode.swift; path = FacilitiesView.swift; sourceTree = "<group>"; };
		84C8C1D02A4C689000EFCB06 /* Assets.xcassets */ = {isa = PBXFileReference; lastKnownFileType = folder.assetcatalog; path = Assets.xcassets; sourceTree = "<group>"; };
		84C8C1D92A4C689000EFCB06 /* RAAssignmentTests.xctest */ = {isa = PBXFileReference; explicitFileType = wrapper.cfbundle; includeInIndex = 0; path = RAAssignmentTests.xctest; sourceTree = BUILT_PRODUCTS_DIR; };
		84C8C1F62A4C68AA00EFCB06 /* response.json */ = {isa = PBXFileReference; fileEncoding = 4; lastKnownFileType = text.json; path = response.json; sourceTree = "<group>"; };
		84C8C1F82A4C68BD00EFCB06 /* Model.swift */ = {isa = PBXFileReference; lastKnownFileType = sourcecode.swift; path = Model.swift; sourceTree = "<group>"; };
		84C8C1FA2A4C698B00EFCB06 /* APIClient.swift */ = {isa = PBXFileReference; lastKnownFileType = sourcecode.swift; path = APIClient.swift; sourceTree = "<group>"; };
		84C8C2382A4D06AF00EFCB06 /* FacilitiesViewModel.swift */ = {isa = PBXFileReference; lastKnownFileType = sourcecode.swift; path = FacilitiesViewModel.swift; sourceTree = "<group>"; };
		84C8C23D2A4D32F100EFCB06 /* MockAPIClient.swift */ = {isa = PBXFileReference; lastKnownFileType = sourcecode.swift; path = MockAPIClient.swift; sourceTree = "<group>"; };
		84C8C2412A4D333D00EFCB06 /* FacilitiesViewModelTests.swift */ = {isa = PBXFileReference; lastKnownFileType = sourcecode.swift; path = FacilitiesViewModelTests.swift; sourceTree = "<group>"; };
		84C8C2442A4DC97500EFCB06 /* ModelTests.swift */ = {isa = PBXFileReference; lastKnownFileType = sourcecode.swift; path = ModelTests.swift; sourceTree = "<group>"; };
		84C8C2482A4F056F00EFCB06 /* FacilityItemView.swift */ = {isa = PBXFileReference; fileEncoding = 4; lastKnownFileType = sourcecode.swift; path = FacilityItemView.swift; sourceTree = "<group>"; };
		84C8C24B2A4F080C00EFCB06 /* FacilityOptionView.swift */ = {isa = PBXFileReference; lastKnownFileType = sourcecode.swift; path = FacilityOptionView.swift; sourceTree = "<group>"; };
		84C8C24D2A4F091A00EFCB06 /* Errors.swift */ = {isa = PBXFileReference; lastKnownFileType = sourcecode.swift; path = Errors.swift; sourceTree = "<group>"; };
		84C8C24F2A4F0A9700EFCB06 /* ErrorAlertViewModifier.swift */ = {isa = PBXFileReference; lastKnownFileType = sourcecode.swift; path = ErrorAlertViewModifier.swift; sourceTree = "<group>"; };
/* End PBXFileReference section */

/* Begin PBXFrameworksBuildPhase section */
		84C8C1C62A4C688F00EFCB06 /* Frameworks */ = {
			isa = PBXFrameworksBuildPhase;
			buildActionMask = 2147483647;
			files = (
			);
			runOnlyForDeploymentPostprocessing = 0;
		};
		84C8C1D62A4C689000EFCB06 /* Frameworks */ = {
			isa = PBXFrameworksBuildPhase;
			buildActionMask = 2147483647;
			files = (
			);
			runOnlyForDeploymentPostprocessing = 0;
		};
/* End PBXFrameworksBuildPhase section */

/* Begin PBXGroup section */
		84C8C1C02A4C688F00EFCB06 = {
			isa = PBXGroup;
			children = (
				84C8C1CB2A4C688F00EFCB06 /* RAAssignment */,
				84C8C1DC2A4C689000EFCB06 /* RAAssignmentTests */,
				84C8C1CA2A4C688F00EFCB06 /* Products */,
			);
			sourceTree = "<group>";
		};
		84C8C1CA2A4C688F00EFCB06 /* Products */ = {
			isa = PBXGroup;
			children = (
				84C8C1C92A4C688F00EFCB06 /* RAAssignment.app */,
				84C8C1D92A4C689000EFCB06 /* RAAssignmentTests.xctest */,
			);
			name = Products;
			sourceTree = "<group>";
		};
		84C8C1CB2A4C688F00EFCB06 /* RAAssignment */ = {
			isa = PBXGroup;
			children = (
				84BC476E2A4F59540017F967 /* Preview Content */,
				84C8C1FA2A4C698B00EFCB06 /* APIClient.swift */,
				84C8C24D2A4F091A00EFCB06 /* Errors.swift */,
				84C8C1F82A4C68BD00EFCB06 /* Model.swift */,
				84C8C2462A4F04FE00EFCB06 /* Views */,
				84C8C2472A4F052E00EFCB06 /* ViewModels */,
				84C8C1D02A4C689000EFCB06 /* Assets.xcassets */,
			);
			path = RAAssignment;
			sourceTree = "<group>";
		};
		84C8C1DC2A4C689000EFCB06 /* RAAssignmentTests */ = {
			isa = PBXGroup;
			children = (
				84C8C23C2A4D32E200EFCB06 /* Mocks */,
				84C8C2442A4DC97500EFCB06 /* ModelTests.swift */,
				84C8C2412A4D333D00EFCB06 /* FacilitiesViewModelTests.swift */,
			);
			path = RAAssignmentTests;
			sourceTree = "<group>";
		};
		84C8C23C2A4D32E200EFCB06 /* Mocks */ = {
			isa = PBXGroup;
			children = (
				84C8C1F62A4C68AA00EFCB06 /* response.json */,
				84C8C23D2A4D32F100EFCB06 /* MockAPIClient.swift */,
			);
			path = Mocks;
			sourceTree = "<group>";
		};
		84C8C2462A4F04FE00EFCB06 /* Views */ = {
			isa = PBXGroup;
			children = (
				84C8C1CC2A4C688F00EFCB06 /* RAAssignmentApp.swift */,
				84C8C1CE2A4C688F00EFCB06 /* FacilitiesView.swift */,
				84C8C2482A4F056F00EFCB06 /* FacilityItemView.swift */,
				84C8C24B2A4F080C00EFCB06 /* FacilityOptionView.swift */,
				84C8C24F2A4F0A9700EFCB06 /* ErrorAlertViewModifier.swift */,
			);
			path = Views;
			sourceTree = "<group>";
		};
		84C8C2472A4F052E00EFCB06 /* ViewModels */ = {
			isa = PBXGroup;
			children = (
				84C8C2382A4D06AF00EFCB06 /* FacilitiesViewModel.swift */,
			);
			path = ViewModels;
			sourceTree = "<group>";
		};
/* End PBXGroup section */

/* Begin PBXNativeTarget section */
		84C8C1C82A4C688F00EFCB06 /* RAAssignment */ = {
			isa = PBXNativeTarget;
			buildConfigurationList = 84C8C1ED2A4C689000EFCB06 /* Build configuration list for PBXNativeTarget "RAAssignment" */;
			buildPhases = (
				84C8C1C52A4C688F00EFCB06 /* Sources */,
				84C8C1C62A4C688F00EFCB06 /* Frameworks */,
				84C8C1C72A4C688F00EFCB06 /* Resources */,
			);
			buildRules = (
			);
			dependencies = (
			);
			name = RAAssignment;
			productName = RAAssignment;
			productReference = 84C8C1C92A4C688F00EFCB06 /* RAAssignment.app */;
			productType = "com.apple.product-type.application";
		};
		84C8C1D82A4C689000EFCB06 /* RAAssignmentTests */ = {
			isa = PBXNativeTarget;
			buildConfigurationList = 84C8C1F02A4C689000EFCB06 /* Build configuration list for PBXNativeTarget "RAAssignmentTests" */;
			buildPhases = (
				84C8C1D52A4C689000EFCB06 /* Sources */,
				84C8C1D62A4C689000EFCB06 /* Frameworks */,
				84C8C1D72A4C689000EFCB06 /* Resources */,
			);
			buildRules = (
			);
			dependencies = (
				84C8C1DB2A4C689000EFCB06 /* PBXTargetDependency */,
			);
			name = RAAssignmentTests;
			productName = RAAssignmentTests;
			productReference = 84C8C1D92A4C689000EFCB06 /* RAAssignmentTests.xctest */;
			productType = "com.apple.product-type.bundle.unit-test";
		};
/* End PBXNativeTarget section */

/* Begin PBXProject section */
		84C8C1C12A4C688F00EFCB06 /* Project object */ = {
			isa = PBXProject;
			attributes = {
				BuildIndependentTargetsInParallel = 1;
				LastSwiftUpdateCheck = 1430;
				LastUpgradeCheck = 1430;
				TargetAttributes = {
					84C8C1C82A4C688F00EFCB06 = {
						CreatedOnToolsVersion = 14.3.1;
					};
					84C8C1D82A4C689000EFCB06 = {
						CreatedOnToolsVersion = 14.3.1;
						TestTargetID = 84C8C1C82A4C688F00EFCB06;
					};
				};
			};
			buildConfigurationList = 84C8C1C42A4C688F00EFCB06 /* Build configuration list for PBXProject "RAAssignment" */;
			compatibilityVersion = "Xcode 14.0";
			developmentRegion = en;
			hasScannedForEncodings = 0;
			knownRegions = (
				en,
				Base,
			);
			mainGroup = 84C8C1C02A4C688F00EFCB06;
			productRefGroup = 84C8C1CA2A4C688F00EFCB06 /* Products */;
			projectDirPath = "";
			projectRoot = "";
			targets = (
				84C8C1C82A4C688F00EFCB06 /* RAAssignment */,
				84C8C1D82A4C689000EFCB06 /* RAAssignmentTests */,
			);
		};
/* End PBXProject section */

/* Begin PBXResourcesBuildPhase section */
		84C8C1C72A4C688F00EFCB06 /* Resources */ = {
			isa = PBXResourcesBuildPhase;
			buildActionMask = 2147483647;
			files = (
				84BC476F2A4F59540017F967 /* Preview Content in Resources */,
				84C8C1D12A4C689000EFCB06 /* Assets.xcassets in Resources */,
			);
			runOnlyForDeploymentPostprocessing = 0;
		};
		84C8C1D72A4C689000EFCB06 /* Resources */ = {
			isa = PBXResourcesBuildPhase;
			buildActionMask = 2147483647;
			files = (
				84C8C1F72A4C68AA00EFCB06 /* response.json in Resources */,
			);
			runOnlyForDeploymentPostprocessing = 0;
		};
/* End PBXResourcesBuildPhase section */

/* Begin PBXSourcesBuildPhase section */
		84C8C1C52A4C688F00EFCB06 /* Sources */ = {
			isa = PBXSourcesBuildPhase;
			buildActionMask = 2147483647;
			files = (
				84C8C2502A4F0A9700EFCB06 /* ErrorAlertViewModifier.swift in Sources */,
				84C8C1F92A4C68BD00EFCB06 /* Model.swift in Sources */,
				84C8C1CF2A4C688F00EFCB06 /* FacilitiesView.swift in Sources */,
				84C8C1CD2A4C688F00EFCB06 /* RAAssignmentApp.swift in Sources */,
				84C8C1FB2A4C698B00EFCB06 /* APIClient.swift in Sources */,
				84C8C24E2A4F091A00EFCB06 /* Errors.swift in Sources */,
				84C8C2492A4F056F00EFCB06 /* FacilityItemView.swift in Sources */,
				84C8C2392A4D06AF00EFCB06 /* FacilitiesViewModel.swift in Sources */,
				84C8C24C2A4F080C00EFCB06 /* FacilityOptionView.swift in Sources */,
			);
			runOnlyForDeploymentPostprocessing = 0;
		};
		84C8C1D52A4C689000EFCB06 /* Sources */ = {
			isa = PBXSourcesBuildPhase;
			buildActionMask = 2147483647;
			files = (
				84C8C23E2A4D32F100EFCB06 /* MockAPIClient.swift in Sources */,
				84C8C23F2A4D32FF00EFCB06 /* APIClient.swift in Sources */,
				84C8C2422A4D333D00EFCB06 /* FacilitiesViewModelTests.swift in Sources */,
				84C8C2452A4DC97500EFCB06 /* ModelTests.swift in Sources */,
				84C8C2402A4D331E00EFCB06 /* Model.swift in Sources */,
				84C8C2432A4D337200EFCB06 /* FacilitiesViewModel.swift in Sources */,
				84C8C2512A4F0D6500EFCB06 /* Errors.swift in Sources */,
			);
			runOnlyForDeploymentPostprocessing = 0;
		};
/* End PBXSourcesBuildPhase section */

/* Begin PBXTargetDependency section */
		84C8C1DB2A4C689000EFCB06 /* PBXTargetDependency */ = {
			isa = PBXTargetDependency;
			target = 84C8C1C82A4C688F00EFCB06 /* RAAssignment */;
			targetProxy = 84C8C1DA2A4C689000EFCB06 /* PBXContainerItemProxy */;
		};
/* End PBXTargetDependency section */

/* Begin XCBuildConfiguration section */
		84C8C1EB2A4C689000EFCB06 /* Debug */ = {
			isa = XCBuildConfiguration;
			buildSettings = {
				ALWAYS_SEARCH_USER_PATHS = NO;
				CLANG_ANALYZER_NONNULL = YES;
				CLANG_ANALYZER_NUMBER_OBJECT_CONVERSION = YES_AGGRESSIVE;
				CLANG_CXX_LANGUAGE_STANDARD = "gnu++20";
				CLANG_ENABLE_MODULES = YES;
				CLANG_ENABLE_OBJC_ARC = YES;
				CLANG_ENABLE_OBJC_WEAK = YES;
				CLANG_WARN_BLOCK_CAPTURE_AUTORELEASING = YES;
				CLANG_WARN_BOOL_CONVERSION = YES;
				CLANG_WARN_COMMA = YES;
				CLANG_WARN_CONSTANT_CONVERSION = YES;
				CLANG_WARN_DEPRECATED_OBJC_IMPLEMENTATIONS = YES;
				CLANG_WARN_DIRECT_OBJC_ISA_USAGE = YES_ERROR;
				CLANG_WARN_DOCUMENTATION_COMMENTS = YES;
				CLANG_WARN_EMPTY_BODY = YES;
				CLANG_WARN_ENUM_CONVERSION = YES;
				CLANG_WARN_INFINITE_RECURSION = YES;
				CLANG_WARN_INT_CONVERSION = YES;
				CLANG_WARN_NON_LITERAL_NULL_CONVERSION = YES;
				CLANG_WARN_OBJC_IMPLICIT_RETAIN_SELF = YES;
				CLANG_WARN_OBJC_LITERAL_CONVERSION = YES;
				CLANG_WARN_OBJC_ROOT_CLASS = YES_ERROR;
				CLANG_WARN_QUOTED_INCLUDE_IN_FRAMEWORK_HEADER = YES;
				CLANG_WARN_RANGE_LOOP_ANALYSIS = YES;
				CLANG_WARN_STRICT_PROTOTYPES = YES;
				CLANG_WARN_SUSPICIOUS_MOVE = YES;
				CLANG_WARN_UNGUARDED_AVAILABILITY = YES_AGGRESSIVE;
				CLANG_WARN_UNREACHABLE_CODE = YES;
				CLANG_WARN__DUPLICATE_METHOD_MATCH = YES;
				COPY_PHASE_STRIP = NO;
				DEBUG_INFORMATION_FORMAT = dwarf;
				ENABLE_STRICT_OBJC_MSGSEND = YES;
				ENABLE_TESTABILITY = YES;
				GCC_C_LANGUAGE_STANDARD = gnu11;
				GCC_DYNAMIC_NO_PIC = NO;
				GCC_NO_COMMON_BLOCKS = YES;
				GCC_OPTIMIZATION_LEVEL = 0;
				GCC_PREPROCESSOR_DEFINITIONS = (
					"DEBUG=1",
					"$(inherited)",
				);
				GCC_WARN_64_TO_32_BIT_CONVERSION = YES;
				GCC_WARN_ABOUT_RETURN_TYPE = YES_ERROR;
				GCC_WARN_UNDECLARED_SELECTOR = YES;
				GCC_WARN_UNINITIALIZED_AUTOS = YES_AGGRESSIVE;
				GCC_WARN_UNUSED_FUNCTION = YES;
				GCC_WARN_UNUSED_VARIABLE = YES;
				IPHONEOS_DEPLOYMENT_TARGET = 16.4;
				MTL_ENABLE_DEBUG_INFO = INCLUDE_SOURCE;
				MTL_FAST_MATH = YES;
				ONLY_ACTIVE_ARCH = YES;
				SDKROOT = iphoneos;
				SWIFT_ACTIVE_COMPILATION_CONDITIONS = DEBUG;
				SWIFT_OPTIMIZATION_LEVEL = "-Onone";
			};
			name = Debug;
		};
		84C8C1EC2A4C689000EFCB06 /* Release */ = {
			isa = XCBuildConfiguration;
			buildSettings = {
				ALWAYS_SEARCH_USER_PATHS = NO;
				CLANG_ANALYZER_NONNULL = YES;
				CLANG_ANALYZER_NUMBER_OBJECT_CONVERSION = YES_AGGRESSIVE;
				CLANG_CXX_LANGUAGE_STANDARD = "gnu++20";
				CLANG_ENABLE_MODULES = YES;
				CLANG_ENABLE_OBJC_ARC = YES;
				CLANG_ENABLE_OBJC_WEAK = YES;
				CLANG_WARN_BLOCK_CAPTURE_AUTORELEASING = YES;
				CLANG_WARN_BOOL_CONVERSION = YES;
				CLANG_WARN_COMMA = YES;
				CLANG_WARN_CONSTANT_CONVERSION = YES;
				CLANG_WARN_DEPRECATED_OBJC_IMPLEMENTATIONS = YES;
				CLANG_WARN_DIRECT_OBJC_ISA_USAGE = YES_ERROR;
				CLANG_WARN_DOCUMENTATION_COMMENTS = YES;
				CLANG_WARN_EMPTY_BODY = YES;
				CLANG_WARN_ENUM_CONVERSION = YES;
				CLANG_WARN_INFINITE_RECURSION = YES;
				CLANG_WARN_INT_CONVERSION = YES;
				CLANG_WARN_NON_LITERAL_NULL_CONVERSION = YES;
				CLANG_WARN_OBJC_IMPLICIT_RETAIN_SELF = YES;
				CLANG_WARN_OBJC_LITERAL_CONVERSION = YES;
				CLANG_WARN_OBJC_ROOT_CLASS = YES_ERROR;
				CLANG_WARN_QUOTED_INCLUDE_IN_FRAMEWORK_HEADER = YES;
				CLANG_WARN_RANGE_LOOP_ANALYSIS = YES;
				CLANG_WARN_STRICT_PROTOTYPES = YES;
				CLANG_WARN_SUSPICIOUS_MOVE = YES;
				CLANG_WARN_UNGUARDED_AVAILABILITY = YES_AGGRESSIVE;
				CLANG_WARN_UNREACHABLE_CODE = YES;
				CLANG_WARN__DUPLICATE_METHOD_MATCH = YES;
				COPY_PHASE_STRIP = NO;
				DEBUG_INFORMATION_FORMAT = "dwarf-with-dsym";
				ENABLE_NS_ASSERTIONS = NO;
				ENABLE_STRICT_OBJC_MSGSEND = YES;
				GCC_C_LANGUAGE_STANDARD = gnu11;
				GCC_NO_COMMON_BLOCKS = YES;
				GCC_WARN_64_TO_32_BIT_CONVERSION = YES;
				GCC_WARN_ABOUT_RETURN_TYPE = YES_ERROR;
				GCC_WARN_UNDECLARED_SELECTOR = YES;
				GCC_WARN_UNINITIALIZED_AUTOS = YES_AGGRESSIVE;
				GCC_WARN_UNUSED_FUNCTION = YES;
				GCC_WARN_UNUSED_VARIABLE = YES;
				IPHONEOS_DEPLOYMENT_TARGET = 16.4;
				MTL_ENABLE_DEBUG_INFO = NO;
				MTL_FAST_MATH = YES;
				SDKROOT = iphoneos;
				SWIFT_COMPILATION_MODE = wholemodule;
				SWIFT_OPTIMIZATION_LEVEL = "-O";
				VALIDATE_PRODUCT = YES;
			};
			name = Release;
		};
		84C8C1EE2A4C689000EFCB06 /* Debug */ = {
			isa = XCBuildConfiguration;
			buildSettings = {
				ASSETCATALOG_COMPILER_APPICON_NAME = AppIcon;
				ASSETCATALOG_COMPILER_GLOBAL_ACCENT_COLOR_NAME = AccentColor;
				CODE_SIGN_STYLE = Automatic;
				CURRENT_PROJECT_VERSION = 1;
				DEVELOPMENT_ASSET_PATHS = "\"RAAssignment/Preview Content\"";
				DEVELOPMENT_TEAM = 97XB8J435J;
				ENABLE_PREVIEWS = YES;
				GENERATE_INFOPLIST_FILE = YES;
				INFOPLIST_KEY_UIApplicationSceneManifest_Generation = YES;
				INFOPLIST_KEY_UIApplicationSupportsIndirectInputEvents = YES;
				INFOPLIST_KEY_UILaunchScreen_Generation = YES;
				INFOPLIST_KEY_UISupportedInterfaceOrientations_iPad = "UIInterfaceOrientationPortrait UIInterfaceOrientationPortraitUpsideDown UIInterfaceOrientationLandscapeLeft UIInterfaceOrientationLandscapeRight";
				INFOPLIST_KEY_UISupportedInterfaceOrientations_iPhone = "UIInterfaceOrientationPortrait UIInterfaceOrientationLandscapeLeft UIInterfaceOrientationLandscapeRight";
				LD_RUNPATH_SEARCH_PATHS = (
					"$(inherited)",
					"@executable_path/Frameworks",
				);
				MARKETING_VERSION = 1.0;
				PRODUCT_BUNDLE_IDENTIFIER = fitzafful.RAAssignment;
				PRODUCT_NAME = "$(TARGET_NAME)";
				SWIFT_EMIT_LOC_STRINGS = YES;
				SWIFT_VERSION = 5.0;
				TARGETED_DEVICE_FAMILY = "1,2";
			};
			name = Debug;
		};
		84C8C1EF2A4C689000EFCB06 /* Release */ = {
			isa = XCBuildConfiguration;
			buildSettings = {
				ASSETCATALOG_COMPILER_APPICON_NAME = AppIcon;
				ASSETCATALOG_COMPILER_GLOBAL_ACCENT_COLOR_NAME = AccentColor;
				CODE_SIGN_STYLE = Automatic;
				CURRENT_PROJECT_VERSION = 1;
				DEVELOPMENT_ASSET_PATHS = "\"RAAssignment/Preview Content\"";
				DEVELOPMENT_TEAM = 97XB8J435J;
				ENABLE_PREVIEWS = YES;
				GENERATE_INFOPLIST_FILE = YES;
				INFOPLIST_KEY_UIApplicationSceneManifest_Generation = YES;
				INFOPLIST_KEY_UIApplicationSupportsIndirectInputEvents = YES;
				INFOPLIST_KEY_UILaunchScreen_Generation = YES;
				INFOPLIST_KEY_UISupportedInterfaceOrientations_iPad = "UIInterfaceOrientationPortrait UIInterfaceOrientationPortraitUpsideDown UIInterfaceOrientationLandscapeLeft UIInterfaceOrientationLandscapeRight";
				INFOPLIST_KEY_UISupportedInterfaceOrientations_iPhone = "UIInterfaceOrientationPortrait UIInterfaceOrientationLandscapeLeft UIInterfaceOrientationLandscapeRight";
				LD_RUNPATH_SEARCH_PATHS = (
					"$(inherited)",
					"@executable_path/Frameworks",
				);
				MARKETING_VERSION = 1.0;
				PRODUCT_BUNDLE_IDENTIFIER = fitzafful.RAAssignment;
				PRODUCT_NAME = "$(TARGET_NAME)";
				SWIFT_EMIT_LOC_STRINGS = YES;
				SWIFT_VERSION = 5.0;
				TARGETED_DEVICE_FAMILY = "1,2";
			};
			name = Release;
		};
		84C8C1F12A4C689000EFCB06 /* Debug */ = {
			isa = XCBuildConfiguration;
			buildSettings = {
				ALWAYS_EMBED_SWIFT_STANDARD_LIBRARIES = YES;
				BUNDLE_LOADER = "$(TEST_HOST)";
				CODE_SIGN_STYLE = Automatic;
				CURRENT_PROJECT_VERSION = 1;
				DEVELOPMENT_TEAM = 97XB8J435J;
				GENERATE_INFOPLIST_FILE = YES;
				IPHONEOS_DEPLOYMENT_TARGET = 16.4;
				MARKETING_VERSION = 1.0;
				PRODUCT_BUNDLE_IDENTIFIER = fitzafful.RAAssignmentTests;
				PRODUCT_NAME = "$(TARGET_NAME)";
				SWIFT_EMIT_LOC_STRINGS = NO;
				SWIFT_VERSION = 5.0;
				TARGETED_DEVICE_FAMILY = "1,2";
				TEST_HOST = "$(BUILT_PRODUCTS_DIR)/RAAssignment.app/$(BUNDLE_EXECUTABLE_FOLDER_PATH)/RAAssignment";
			};
			name = Debug;
		};
		84C8C1F22A4C689000EFCB06 /* Release */ = {
			isa = XCBuildConfiguration;
			buildSettings = {
				ALWAYS_EMBED_SWIFT_STANDARD_LIBRARIES = YES;
				BUNDLE_LOADER = "$(TEST_HOST)";
				CODE_SIGN_STYLE = Automatic;
				CURRENT_PROJECT_VERSION = 1;
				DEVELOPMENT_TEAM = 97XB8J435J;
				GENERATE_INFOPLIST_FILE = YES;
				IPHONEOS_DEPLOYMENT_TARGET = 16.4;
				MARKETING_VERSION = 1.0;
				PRODUCT_BUNDLE_IDENTIFIER = fitzafful.RAAssignmentTests;
				PRODUCT_NAME = "$(TARGET_NAME)";
				SWIFT_EMIT_LOC_STRINGS = NO;
				SWIFT_VERSION = 5.0;
				TARGETED_DEVICE_FAMILY = "1,2";
				TEST_HOST = "$(BUILT_PRODUCTS_DIR)/RAAssignment.app/$(BUNDLE_EXECUTABLE_FOLDER_PATH)/RAAssignment";
			};
			name = Release;
		};
/* End XCBuildConfiguration section */

/* Begin XCConfigurationList section */
		84C8C1C42A4C688F00EFCB06 /* Build configuration list for PBXProject "RAAssignment" */ = {
			isa = XCConfigurationList;
			buildConfigurations = (
				84C8C1EB2A4C689000EFCB06 /* Debug */,
				84C8C1EC2A4C689000EFCB06 /* Release */,
			);
			defaultConfigurationIsVisible = 0;
			defaultConfigurationName = Release;
		};
		84C8C1ED2A4C689000EFCB06 /* Build configuration list for PBXNativeTarget "RAAssignment" */ = {
			isa = XCConfigurationList;
			buildConfigurations = (
				84C8C1EE2A4C689000EFCB06 /* Debug */,
				84C8C1EF2A4C689000EFCB06 /* Release */,
			);
			defaultConfigurationIsVisible = 0;
			defaultConfigurationName = Release;
		};
		84C8C1F02A4C689000EFCB06 /* Build configuration list for PBXNativeTarget "RAAssignmentTests" */ = {
			isa = XCConfigurationList;
			buildConfigurations = (
				84C8C1F12A4C689000EFCB06 /* Debug */,
				84C8C1F22A4C689000EFCB06 /* Release */,
			);
			defaultConfigurationIsVisible = 0;
			defaultConfigurationName = Release;
		};
/* End XCConfigurationList section */
	};
	rootObject = 84C8C1C12A4C688F00EFCB06 /* Project object */;
}
